
Microsoft Visual Studio Solution File, Format Version 12.00
# Visual Studio Version 17
VisualStudioVersion = 17.4.33213.308
MinimumVisualStudioVersion = 10.0.40219.1
Project("{FAE04EC0-301F-11D3-BF4B-00C04F79EFBC}") = "DependecyInjection", "DependecyInjection\DependecyInjection.csproj", "{140E4F34-4416-4B14-92BF-68FE7F05BE33}"
EndProject
Project("{FAE04EC0-301F-11D3-BF4B-00C04F79EFBC}") = "DependencyInjectionInAspNet", "DependencyInjectionInAspNet\DependencyInjectionInAspNet.csproj", "{E73EDE95-A0BE-4D7A-ABE8-C2C23B3C5FA6}"
EndProject
Global
	GlobalSection(SolutionConfigurationPlatforms) = preSolution
		Debug|Any CPU = Debug|Any CPU
		Release|Any CPU = Release|Any CPU
	EndGlobalSection
	GlobalSection(ProjectConfigurationPlatforms) = postSolution
		{140E4F34-4416-4B14-92BF-68FE7F05BE33}.Debug|Any CPU.ActiveCfg = Debug|Any CPU
		{140E4F34-4416-4B14-92BF-68FE7F05BE33}.Debug|Any CPU.Build.0 = Debug|Any CPU
		{140E4F34-4416-4B14-92BF-68FE7F05BE33}.Release|Any CPU.ActiveCfg = Release|Any CPU
		{140E4F34-4416-4B14-92BF-68FE7F05BE33}.Release|Any CPU.Build.0 = Release|Any CPU
		{E73EDE95-A0BE-4D7A-ABE8-C2C23B3C5FA6}.Debug|Any CPU.ActiveCfg = Debug|Any CPU
		{E73EDE95-A0BE-4D7A-ABE8-C2C23B3C5FA6}.Debug|Any CPU.Build.0 = Debug|Any CPU
		{E73EDE95-A0BE-4D7A-ABE8-C2C23B3C5FA6}.Release|Any CPU.ActiveCfg = Release|Any CPU
		{E73EDE95-A0BE-4D7A-ABE8-C2C23B3C5FA6}.Release|Any CPU.Build.0 = Release|Any CPU
	EndGlobalSection
	GlobalSection(SolutionProperties) = preSolution
		HideSolutionNode = FALSE
	EndGlobalSection
	GlobalSection(ExtensibilityGlobals) = postSolution
		SolutionGuid = {33E6A83D-C865-4B0A-8EA6-E8CB2C933413}
	EndGlobalSection
EndGlobal
